<?xml version="1.0" encoding="utf-8"?>
<Project ToolsVersion="4.0" xmlns="http://schemas.microsoft.com/developer/msbuild/2003">
  <ItemGroup>
    <Filter Include="Form Files">
      <UniqueIdentifier>{99349809-55BA-4b9d-BF79-8FDBB0286EB3}</UniqueIdentifier>
      <Extensions>ui</Extensions>
      <ParseFiles>false</ParseFiles>
    </Filter>
    <Filter Include="Form Files">
      <UniqueIdentifier>{99349809-55BA-4b9d-BF79-8FDBB0286EB3}</UniqueIdentifier>
      <Extensions>ui</Extensions>
      <ParseFiles>false</ParseFiles>
    </Filter>
    <Filter Include="Generated Files">
      <UniqueIdentifier>{71ED8ED8-ACB9-4CE9-BBE1-E00B30144E11}</UniqueIdentifier>
      <Extensions>cpp;c;cxx;moc;h;def;odl;idl;res;</Extensions>
    </Filter>
    <Filter Include="Generated Files">
      <UniqueIdentifier>{71ED8ED8-ACB9-4CE9-BBE1-E00B30144E11}</UniqueIdentifier>
      <Extensions>cpp;c;cxx;moc;h;def;odl;idl;res;</Extensions>
    </Filter>
    <Filter Include="Header Files">
      <UniqueIdentifier>{93995380-89BD-4b04-88EB-625FBE52EBFB}</UniqueIdentifier>
      <Extensions>h;hpp;hxx;hm;inl;inc;xsd</Extensions>
    </Filter>
    <Filter Include="Header Files">
      <UniqueIdentifier>{93995380-89BD-4b04-88EB-625FBE52EBFB}</UniqueIdentifier>
      <Extensions>h;hpp;hxx;hm;inl;inc;xsd</Extensions>
    </Filter>
    <Filter Include="Source Files">
      <UniqueIdentifier>{4FC737F1-C7A5-4376-A066-2A32D752A2FF}</UniqueIdentifier>
      <Extensions>cpp;c;cxx;def;odl;idl;hpj;bat;asm;asmx</Extensions>
    </Filter>
    <Filter Include="Source Files">
      <UniqueIdentifier>{4FC737F1-C7A5-4376-A066-2A32D752A2FF}</UniqueIdentifier>
      <Extensions>cpp;c;cxx;def;odl;idl;hpj;bat;asm;asmx</Extensions>
    </Filter>
    <Filter Include="Distribution Files">
      <UniqueIdentifier>{B83CAF91-C7BF-462F-B76C-EA11631F866C}</UniqueIdentifier>
      <Extensions>*</Extensions>
      <ParseFiles>false</ParseFiles>
    </Filter>
    <Filter Include="Distribution Files">
      <UniqueIdentifier>{B83CAF91-C7BF-462F-B76C-EA11631F866C}</UniqueIdentifier>
      <Extensions>*</Extensions>
      <ParseFiles>false</ParseFiles>
    </Filter>
    <Filter Include="Generated Files\Debug">
      <UniqueIdentifier>{f1f8d112-4f25-4c81-8624-37ad4730ca9c}</UniqueIdentifier>
      <Extensions>cpp;moc</Extensions>
      <SourceControlFiles>False</SourceControlFiles>
    </Filter>
    <Filter Include="Generated Files\Release">
      <UniqueIdentifier>{5ce3a26c-af52-417e-a73a-6b21e1438996}</UniqueIdentifier>
      <Extensions>cpp;moc</Extensions>
      <SourceControlFiles>False</SourceControlFiles>
    </Filter>
  </ItemGroup>
  <ItemGroup>
    <ClCompile Include="src\usb\exception\busy_exception.cpp">
      <Filter>Source Files</Filter>
    </ClCompile>
    <ClCompile Include="src\cartridge\cartridge_descriptor.cpp">
      <Filter>Source Files</Filter>
    </ClCompile>
    <ClCompile Include="src\ui\qt\device_info_widget.cpp">
      <Filter>Source Files</Filter>
    </ClCompile>
    <ClCompile Include="src\ui\qt\device_manager.cpp">
      <Filter>Source Files</Filter>
    </ClCompile>
    <ClCompile Include="src\usb\exception\disconnected_exception.cpp">
      <Filter>Source Files</Filter>
    </ClCompile>
    <ClCompile Include="src\usb\exception\exception.cpp">
      <Filter>Source Files</Filter>
    </ClCompile>
    <ClCompile Include="src\ui\qt\flash_masta.cpp">
      <Filter>Source Files</Filter>
    </ClCompile>
    <ClCompile Include="src\tasks\forwarding_task_controller.cpp">
      <Filter>Source Files</Filter>
    </ClCompile>
    <ClCompile Include="src\usb\exception\interrupted_exception.cpp">
      <Filter>Source Files</Filter>
    </ClCompile>
    <ClCompile Include="src\ui\qt\libusb_device_manager.cpp">
      <Filter>Source Files</Filter>
    </ClCompile>
    <ClCompile Include="src\usb\libusb_usb_device.cpp">
      <Filter>Source Files</Filter>
    </ClCompile>
    <ClCompile Include="src\linkmasta_device\linkmasta_device.cpp">
      <Filter>Source Files</Filter>
    </ClCompile>
    <ClCompile Include="src\ui\qt\main.cpp">
      <Filter>Source Files</Filter>
    </ClCompile>
    <ClCompile Include="src\ui\qt\main_window.cpp">
      <Filter>Source Files</Filter>
    </ClCompile>
    <ClCompile Include="src\cartridge\ngp_cartridge.cpp">
      <Filter>Source Files</Filter>
    </ClCompile>
    <ClCompile Include="src\ui\qt\task\ngp_cartridge_backup_save_task.cpp">
      <Filter>Source Files</Filter>
    </ClCompile>
    <ClCompile Include="src\ui\qt\task\ngp_cartridge_backup_task.cpp">
      <Filter>Source Files</Filter>
    </ClCompile>
    <ClCompile Include="src\ui\qt\task\ngp_cartridge_flash_task.cpp">
      <Filter>Source Files</Filter>
    </ClCompile>
    <ClCompile Include="src\ui\qt\task\ngp_cartridge_restore_save_task.cpp">
      <Filter>Source Files</Filter>
    </ClCompile>
    <ClCompile Include="src\ui\qt\task\ngp_cartridge_task.cpp">
      <Filter>Source Files</Filter>
    </ClCompile>
    <ClCompile Include="src\ui\qt\task\ngp_cartridge_verify_task.cpp">
      <Filter>Source Files</Filter>
    </ClCompile>
    <ClCompile Include="src\cartridge\ngp_chip.cpp">
      <Filter>Source Files</Filter>
    </ClCompile>
    <ClCompile Include="src\ui\qt\detail\ngp_flashmasta_cartridge_slot_widget.cpp">
      <Filter>Source Files</Filter>
    </ClCompile>
    <ClCompile Include="src\ui\qt\detail\ngp_flashmasta_cartridge_widget.cpp">
      <Filter>Source Files</Filter>
    </ClCompile>
    <ClCompile Include="src\ui\qt\detail\ngp_linkmasta_detail_widget.cpp">
      <Filter>Source Files</Filter>
    </ClCompile>
    <ClCompile Include="src\linkmasta_device\ngp_linkmasta_device.cpp">
      <Filter>Source Files</Filter>
    </ClCompile>
    <ClCompile Include="src\linkmasta_device\ngp_linkmasta_messages.cpp">
      <Filter>Source Files</Filter>
    </ClCompile>
    <ClCompile Include="src\ui\qt\worker\ngp_lm_cartridge_polling_worker.cpp">
      <Filter>Source Files</Filter>
    </ClCompile>
    <ClCompile Include="src\ui\qt\worker\ngp_lm_official_cartridge_info_worker.cpp">
      <Filter>Source Files</Filter>
    </ClCompile>
    <ClCompile Include="src\ui\qt\detail\ngp_official_cartridge_widget.cpp">
      <Filter>Source Files</Filter>
    </ClCompile>
    <ClCompile Include="src\usb\exception\not_found_exception.cpp">
      <Filter>Source Files</Filter>
    </ClCompile>
    <ClCompile Include="src\tasks\task_controller.cpp">
      <Filter>Source Files</Filter>
    </ClCompile>
    <ClCompile Include="src\usb\exception\timeout_exception.cpp">
      <Filter>Source Files</Filter>
    </ClCompile>
    <ClCompile Include="src\usb\exception\unconfigured_exception.cpp">
      <Filter>Source Files</Filter>
    </ClCompile>
    <ClCompile Include="src\usb\exception\uninitialized_exception.cpp">
      <Filter>Source Files</Filter>
    </ClCompile>
    <ClCompile Include="src\usb\exception\unopen_exception.cpp">
      <Filter>Source Files</Filter>
    </ClCompile>
    <ClCompile Include="src\usb\usb_device.cpp">
      <Filter>Source Files</Filter>
    </ClCompile>
    <ClCompile Include="src\cartridge\ws_cartridge.cpp">
      <Filter>Source Files</Filter>
    </ClCompile>
    <ClCompile Include="src\ui\qt\task\ws_cartridge_backup_save_task.cpp">
      <Filter>Source Files</Filter>
    </ClCompile>
    <ClCompile Include="src\ui\qt\task\ws_cartridge_backup_task.cpp">
      <Filter>Source Files</Filter>
    </ClCompile>
    <ClCompile Include="src\ui\qt\task\ws_cartridge_flash_task.cpp">
      <Filter>Source Files</Filter>
    </ClCompile>
    <ClCompile Include="src\ui\qt\task\ws_cartridge_restore_save_task.cpp">
      <Filter>Source Files</Filter>
    </ClCompile>
    <ClCompile Include="src\ui\qt\task\ws_cartridge_task.cpp">
      <Filter>Source Files</Filter>
    </ClCompile>
    <ClCompile Include="src\ui\qt\task\ws_cartridge_verify_task.cpp">
      <Filter>Source Files</Filter>
    </ClCompile>
    <ClCompile Include="src\linkmasta_device\ws_linkmasta_device.cpp">
      <Filter>Source Files</Filter>
    </ClCompile>
    <ClCompile Include="src\linkmasta_device\ws_linkmasta_messages.cpp">
      <Filter>Source Files</Filter>
    </ClCompile>
    <ClCompile Include="src\cartridge\ws_rom_chip.cpp">
      <Filter>Source Files</Filter>
    </ClCompile>
    <ClCompile Include="src\cartridge\ws_sram_chip.cpp">
      <Filter>Source Files</Filter>
    </ClCompile>
    <ClCompile Include="build\GeneratedFiles\Debug\moc_device_info_widget.cpp">
      <Filter>Generated Files\Debug</Filter>
    </ClCompile>
    <ClCompile Include="build\GeneratedFiles\Release\moc_device_info_widget.cpp">
      <Filter>Generated Files\Release</Filter>
    </ClCompile>
    <ClCompile Include="build\GeneratedFiles\Debug\moc_main_window.cpp">
      <Filter>Generated Files\Debug</Filter>
    </ClCompile>
    <ClCompile Include="build\GeneratedFiles\Release\moc_main_window.cpp">
      <Filter>Generated Files\Release</Filter>
    </ClCompile>
    <ClCompile Include="build\GeneratedFiles\Debug\moc_ngp_cartridge_task.cpp">
      <Filter>Generated Files\Debug</Filter>
    </ClCompile>
    <ClCompile Include="build\GeneratedFiles\Release\moc_ngp_cartridge_task.cpp">
      <Filter>Generated Files\Release</Filter>
    </ClCompile>
    <ClCompile Include="build\GeneratedFiles\Debug\moc_ngp_flashmasta_cartridge_slot_widget.cpp">
      <Filter>Generated Files\Debug</Filter>
    </ClCompile>
    <ClCompile Include="build\GeneratedFiles\Release\moc_ngp_flashmasta_cartridge_slot_widget.cpp">
      <Filter>Generated Files\Release</Filter>
    </ClCompile>
    <ClCompile Include="build\GeneratedFiles\Debug\moc_ngp_flashmasta_cartridge_widget.cpp">
      <Filter>Generated Files\Debug</Filter>
    </ClCompile>
    <ClCompile Include="build\GeneratedFiles\Release\moc_ngp_flashmasta_cartridge_widget.cpp">
      <Filter>Generated Files\Release</Filter>
    </ClCompile>
    <ClCompile Include="build\GeneratedFiles\Debug\moc_ngp_linkmasta_detail_widget.cpp">
      <Filter>Generated Files\Debug</Filter>
    </ClCompile>
    <ClCompile Include="build\GeneratedFiles\Release\moc_ngp_linkmasta_detail_widget.cpp">
      <Filter>Generated Files\Release</Filter>
    </ClCompile>
    <ClCompile Include="build\GeneratedFiles\Debug\moc_ngp_lm_cartridge_polling_worker.cpp">
      <Filter>Generated Files\Debug</Filter>
    </ClCompile>
    <ClCompile Include="build\GeneratedFiles\Release\moc_ngp_lm_cartridge_polling_worker.cpp">
      <Filter>Generated Files\Release</Filter>
    </ClCompile>
    <ClCompile Include="build\GeneratedFiles\Debug\moc_ngp_lm_official_cartridge_info_worker.cpp">
      <Filter>Generated Files\Debug</Filter>
    </ClCompile>
    <ClCompile Include="build\GeneratedFiles\Release\moc_ngp_lm_official_cartridge_info_worker.cpp">
      <Filter>Generated Files\Release</Filter>
    </ClCompile>
    <ClCompile Include="build\GeneratedFiles\Debug\moc_ngp_official_cartridge_widget.cpp">
      <Filter>Generated Files\Debug</Filter>
    </ClCompile>
    <ClCompile Include="build\GeneratedFiles\Release\moc_ngp_official_cartridge_widget.cpp">
      <Filter>Generated Files\Release</Filter>
    </ClCompile>
    <ClCompile Include="build\GeneratedFiles\Debug\moc_ws_cartridge_task.cpp">
      <Filter>Generated Files\Debug</Filter>
    </ClCompile>
    <ClCompile Include="build\GeneratedFiles\Release\moc_ws_cartridge_task.cpp">
      <Filter>Generated Files\Release</Filter>
    </ClCompile>
  </ItemGroup>
  <ItemGroup>
    <CustomBuild Include="src\ui\qt\device_info_widget.h">
      <Filter>Header Files</Filter>
    </CustomBuild>
    <CustomBuild Include="src\ui\qt\main_window.h">
      <Filter>Header Files</Filter>
    </CustomBuild>
    <CustomBuild Include="src\ui\qt\task\ngp_cartridge_task.h">
      <Filter>Header Files</Filter>
    </CustomBuild>
    <CustomBuild Include="src\ui\qt\detail\ngp_flashmasta_cartridge_slot_widget.h">
      <Filter>Header Files</Filter>
    </CustomBuild>
    <CustomBuild Include="src\ui\qt\detail\ngp_flashmasta_cartridge_widget.h">
      <Filter>Header Files</Filter>
    </CustomBuild>
    <CustomBuild Include="src\ui\qt\detail\ngp_linkmasta_detail_widget.h">
      <Filter>Header Files</Filter>
    </CustomBuild>
    <CustomBuild Include="src\ui\qt\worker\ngp_lm_cartridge_polling_worker.h">
      <Filter>Header Files</Filter>
    </CustomBuild>
    <CustomBuild Include="src\ui\qt\worker\ngp_lm_official_cartridge_info_worker.h">
      <Filter>Header Files</Filter>
    </CustomBuild>
    <CustomBuild Include="src\ui\qt\detail\ngp_official_cartridge_widget.h">
      <Filter>Header Files</Filter>
    </CustomBuild>
    <CustomBuild Include="src\ui\qt\task\ws_cartridge_task.h">
      <Filter>Header Files</Filter>
    </CustomBuild>
    <CustomBuild Include="src\cartridge\cartridge_descriptor.h">
      <Filter>Header Files</Filter>
    </CustomBuild>
    <CustomBuild Include="src\ui\qt\device_manager.h">
      <Filter>Header Files</Filter>
    </CustomBuild>
    <CustomBuild Include="src\usb\exception\disconnected_exception.h">
      <Filter>Header Files</Filter>
    </CustomBuild>
    <CustomBuild Include="src\usb\exception\exception.h">
      <Filter>Header Files</Filter>
    </CustomBuild>
    <CustomBuild Include="src\ui\qt\flash_masta.h">
      <Filter>Header Files</Filter>
    </CustomBuild>
    <CustomBuild Include="src\tasks\forwarding_task_controller.h">
      <Filter>Header Files</Filter>
    </CustomBuild>
    <CustomBuild Include="src\usb\exception\interrupted_exception.h">
      <Filter>Header Files</Filter>
    </CustomBuild>
    <CustomBuild Include="src\ui\qt\libusb_device_manager.h">
      <Filter>Header Files</Filter>
    </CustomBuild>
    <CustomBuild Include="src\usb\libusb_usb_device.h">
      <Filter>Header Files</Filter>
    </CustomBuild>
    <CustomBuild Include="src\linkmasta_device\linkmasta_device.h">
      <Filter>Header Files</Filter>
    </CustomBuild>
    <CustomBuild Include="src\cartridge\ngp_cartridge.h">
      <Filter>Header Files</Filter>
    </CustomBuild>
    <CustomBuild Include="src\ui\qt\task\ngp_cartridge_backup_save_task.h">
      <Filter>Header Files</Filter>
    </CustomBuild>
    <CustomBuild Include="src\ui\qt\task\ngp_cartridge_backup_task.h">
      <Filter>Header Files</Filter>
    </CustomBuild>
    <CustomBuild Include="src\ui\qt\task\ngp_cartridge_flash_task.h">
      <Filter>Header Files</Filter>
    </CustomBuild>
    <CustomBuild Include="src\ui\qt\task\ngp_cartridge_restore_save_task.h">
      <Filter>Header Files</Filter>
    </CustomBuild>
    <CustomBuild Include="src\ui\qt\task\ngp_cartridge_verify_task.h">
      <Filter>Header Files</Filter>
    </CustomBuild>
    <CustomBuild Include="src\cartridge\ngp_chip.h">
      <Filter>Header Files</Filter>
    </CustomBuild>
    <CustomBuild Include="src\linkmasta_device\ngp_linkmasta_device.h">
      <Filter>Header Files</Filter>
    </CustomBuild>
    <CustomBuild Include="src\linkmasta_device\ngp_linkmasta_messages.h">
      <Filter>Header Files</Filter>
    </CustomBuild>
    <CustomBuild Include="src\usb\exception\not_found_exception.h">
      <Filter>Header Files</Filter>
    </CustomBuild>
    <CustomBuild Include="src\tasks\task_controller.h">
      <Filter>Header Files</Filter>
    </CustomBuild>
    <CustomBuild Include="src\usb\exception\timeout_exception.h">
      <Filter>Header Files</Filter>
    </CustomBuild>
    <CustomBuild Include="src\common\types.h">
      <Filter>Header Files</Filter>
    </CustomBuild>
    <CustomBuild Include="src\usb\exception\unconfigured_exception.h">
      <Filter>Header Files</Filter>
    </CustomBuild>
    <CustomBuild Include="src\usb\exception\uninitialized_exception.h">
      <Filter>Header Files</Filter>
    </CustomBuild>
    <CustomBuild Include="src\usb\exception\unopen_exception.h">
      <Filter>Header Files</Filter>
    </CustomBuild>
    <CustomBuild Include="src\usb\usb.h">
      <Filter>Header Files</Filter>
    </CustomBuild>
    <CustomBuild Include="src\usb\usb_device.h">
      <Filter>Header Files</Filter>
    </CustomBuild>
    <CustomBuild Include="src\usb\usbfwd.h">
      <Filter>Header Files</Filter>
    </CustomBuild>
    <CustomBuild Include="src\cartridge\ws_cartridge.h">
      <Filter>Header Files</Filter>
    </CustomBuild>
    <CustomBuild Include="src\ui\qt\task\ws_cartridge_backup_save_task.h">
      <Filter>Header Files</Filter>
    </CustomBuild>
    <CustomBuild Include="src\ui\qt\task\ws_cartridge_backup_task.h">
      <Filter>Header Files</Filter>
    </CustomBuild>
    <CustomBuild Include="src\ui\qt\task\ws_cartridge_flash_task.h">
      <Filter>Header Files</Filter>
    </CustomBuild>
    <CustomBuild Include="src\ui\qt\task\ws_cartridge_restore_save_task.h">
      <Filter>Header Files</Filter>
    </CustomBuild>
    <CustomBuild Include="src\ui\qt\task\ws_cartridge_verify_task.h">
      <Filter>Header Files</Filter>
    </CustomBuild>
    <CustomBuild Include="src\linkmasta_device\ws_linkmasta_device.h">
      <Filter>Header Files</Filter>
    </CustomBuild>
    <CustomBuild Include="src\linkmasta_device\ws_linkmasta_messages.h">
      <Filter>Header Files</Filter>
    </CustomBuild>
    <CustomBuild Include="src\cartridge\ws_rom_chip.h">
      <Filter>Header Files</Filter>
    </CustomBuild>
    <CustomBuild Include="src\cartridge\ws_sram_chip.h">
      <Filter>Header Files</Filter>
    </CustomBuild>
    <CustomBuild Include="README.md">
      <Filter>Distribution Files</Filter>
    </CustomBuild>
  </ItemGroup>
  <ItemGroup>
    <CustomBuild Include="src\ui\qt\device_info_widget.ui">
      <Filter>Form Files</Filter>
    </CustomBuild>
    <CustomBuild Include="src\ui\qt\main_window.ui">
      <Filter>Form Files</Filter>
    </CustomBuild>
    <CustomBuild Include="src\ui\qt\detail\ngp_flashmasta_cartridge_slot_widget.ui">
      <Filter>Form Files</Filter>
    </CustomBuild>
    <CustomBuild Include="src\ui\qt\detail\ngp_flashmasta_cartridge_widget.ui">
      <Filter>Form Files</Filter>
    </CustomBuild>
    <CustomBuild Include="src\ui\qt\detail\ngp_linkmasta_detail_widget.ui">
      <Filter>Form Files</Filter>
    </CustomBuild>
    <CustomBuild Include="src\ui\qt\detail\ngp_official_cartridge_widget.ui">
      <Filter>Form Files</Filter>
    </CustomBuild>
    <CustomBuild Include="build\GeneratedFiles\ui_device_info_widget.h">
      <Filter>Generated Files</Filter>
    </CustomBuild>
    <CustomBuild Include="build\GeneratedFiles\ui_main_window.h">
      <Filter>Generated Files</Filter>
    </CustomBuild>
    <CustomBuild Include="build\GeneratedFiles\ui_ngp_flashmasta_cartridge_slot_widget.h">
      <Filter>Generated Files</Filter>
    </CustomBuild>
    <CustomBuild Include="build\GeneratedFiles\ui_ngp_flashmasta_cartridge_widget.h">
      <Filter>Generated Files</Filter>
    </CustomBuild>
    <CustomBuild Include="build\GeneratedFiles\ui_ngp_linkmasta_detail_widget.h">
      <Filter>Generated Files</Filter>
    </CustomBuild>
    <CustomBuild Include="build\GeneratedFiles\ui_ngp_official_cartridge_widget.h">
      <Filter>Generated Files</Filter>
    </CustomBuild>
    <CustomBuild Include="src\usb\exception\busy_exception.h">
      <Filter>Header Files</Filter>
    </CustomBuild>
    <CustomBuild Include="src\cartridge\cartridge.h">
      <Filter>Header Files</Filter>
    </CustomBuild>
  </ItemGroup>
</Project>